Microsoft Visual Studio Solution File, Format Version 12.00
# Visual Studio Version 17
VisualStudioVersion = 17.5.2.0
MinimumVisualStudioVersion = 10.0.40219.1
Project("{FAE04EC0-301F-11D3-BF4B-00C04F79EFBC}") = "Strippr", "Strippr.csproj", "{42271000-C25A-4220-5A2D-08DC21A20A3B}"
EndProject
Global
	GlobalSection(SolutionConfigurationPlatforms) = preSolution
		Debug|Any CPU = Debug|Any CPU
		Release|Any CPU = Release|Any CPU
	EndGlobalSection
	GlobalSection(ProjectConfigurationPlatforms) = postSolution
		{42271000-C25A-4220-5A2D-08DC21A20A3B}.Debug|Any CPU.ActiveCfg = Debug|Any CPU
		{42271000-C25A-4220-5A2D-08DC21A20A3B}.Debug|Any CPU.Build.0 = Debug|Any CPU
		{42271000-C25A-4220-5A2D-08DC21A20A3B}.Release|Any CPU.ActiveCfg = Release|Any CPU
		{42271000-C25A-4220-5A2D-08DC21A20A3B}.Release|Any CPU.Build.0 = Release|Any CPU
	EndGlobalSection
	GlobalSection(SolutionProperties) = preSolution
		HideSolutionNode = FALSE
	EndGlobalSection
	GlobalSection(ExtensibilityGlobals) = postSolution
		SolutionGuid = {2EFDF792-2E4C-4DDE-BBA1-EDFBB27907FA}
	EndGlobalSection
EndGlobal
